
Microsoft Visual Studio Solution File, Format Version 12.00
# Visual Studio 15
VisualStudioVersion = 15.0.28307.489
MinimumVisualStudioVersion = 10.0.40219.1
Project("{8BC9CEB8-8B4A-11D0-8D11-00A0C91BC942}") = "SystemIdentification", "SystemIdentification\SystemIdentification.vcxproj", "{428E49D1-C210-4D2A-A5BD-03B164EFC555}"
EndProject
Project("{8BC9CEB8-8B4A-11D0-8D11-00A0C91BC942}") = "MSequenceGenerator", "MSequenceGenerator\MSequenceGenerator.vcxproj", "{01A5D490-86C0-4624-A4C6-2AF82006039C}"
EndProject
Global
	GlobalSection(SolutionConfigurationPlatforms) = preSolution
		Debug|x64 = Debug|x64
		Debug|x86 = Debug|x86
		Release|x64 = Release|x64
		Release|x86 = Release|x86
	EndGlobalSection
	GlobalSection(ProjectConfigurationPlatforms) = postSolution
		{428E49D1-C210-4D2A-A5BD-03B164EFC555}.Debug|x64.ActiveCfg = Debug|x64
		{428E49D1-C210-4D2A-A5BD-03B164EFC555}.Debug|x64.Build.0 = Debug|x64
		{428E49D1-C210-4D2A-A5BD-03B164EFC555}.Debug|x86.ActiveCfg = Debug|Win32
		{428E49D1-C210-4D2A-A5BD-03B164EFC555}.Debug|x86.Build.0 = Debug|Win32
		{428E49D1-C210-4D2A-A5BD-03B164EFC555}.Release|x64.ActiveCfg = Release|x64
		{428E49D1-C210-4D2A-A5BD-03B164EFC555}.Release|x64.Build.0 = Release|x64
		{428E49D1-C210-4D2A-A5BD-03B164EFC555}.Release|x86.ActiveCfg = Release|Win32
		{428E49D1-C210-4D2A-A5BD-03B164EFC555}.Release|x86.Build.0 = Release|Win32
		{01A5D490-86C0-4624-A4C6-2AF82006039C}.Debug|x64.ActiveCfg = Debug|x64
		{01A5D490-86C0-4624-A4C6-2AF82006039C}.Debug|x64.Build.0 = Debug|x64
		{01A5D490-86C0-4624-A4C6-2AF82006039C}.Debug|x86.ActiveCfg = Debug|Win32
		{01A5D490-86C0-4624-A4C6-2AF82006039C}.Debug|x86.Build.0 = Debug|Win32
		{01A5D490-86C0-4624-A4C6-2AF82006039C}.Release|x64.ActiveCfg = Release|x64
		{01A5D490-86C0-4624-A4C6-2AF82006039C}.Release|x64.Build.0 = Release|x64
		{01A5D490-86C0-4624-A4C6-2AF82006039C}.Release|x86.ActiveCfg = Release|Win32
		{01A5D490-86C0-4624-A4C6-2AF82006039C}.Release|x86.Build.0 = Release|Win32
	EndGlobalSection
	GlobalSection(SolutionProperties) = preSolution
		HideSolutionNode = FALSE
	EndGlobalSection
	GlobalSection(ExtensibilityGlobals) = postSolution
		SolutionGuid = {3FEA82D0-EA9B-4729-9D77-E6490C7B48AF}
	EndGlobalSection
EndGlobal
